
Microsoft Visual Studio Solution File, Format Version 12.00
# Visual Studio Version 17
VisualStudioVersion = 17.9.34616.47
MinimumVisualStudioVersion = 10.0.40219.1
Project("{FAE04EC0-301F-11D3-BF4B-00C04F79EFBC}") = "Katman", "Katman\Katman.csproj", "{89685973-DB7A-495B-A70A-6FF99B20CE1F}"
EndProject
Project("{FAE04EC0-301F-11D3-BF4B-00C04F79EFBC}") = "Project", "Project\Project.csproj", "{50B9A55E-DB51-47FE-9707-94EE1B4D37D4}"
EndProject
Global
	GlobalSection(SolutionConfigurationPlatforms) = preSolution
		Debug|Any CPU = Debug|Any CPU
		Release|Any CPU = Release|Any CPU
	EndGlobalSection
	GlobalSection(ProjectConfigurationPlatforms) = postSolution
		{89685973-DB7A-495B-A70A-6FF99B20CE1F}.Debug|Any CPU.ActiveCfg = Debug|Any CPU
		{89685973-DB7A-495B-A70A-6FF99B20CE1F}.Debug|Any CPU.Build.0 = Debug|Any CPU
		{89685973-DB7A-495B-A70A-6FF99B20CE1F}.Release|Any CPU.ActiveCfg = Release|Any CPU
		{89685973-DB7A-495B-A70A-6FF99B20CE1F}.Release|Any CPU.Build.0 = Release|Any CPU
		{50B9A55E-DB51-47FE-9707-94EE1B4D37D4}.Debug|Any CPU.ActiveCfg = Debug|Any CPU
		{50B9A55E-DB51-47FE-9707-94EE1B4D37D4}.Debug|Any CPU.Build.0 = Debug|Any CPU
		{50B9A55E-DB51-47FE-9707-94EE1B4D37D4}.Release|Any CPU.ActiveCfg = Release|Any CPU
		{50B9A55E-DB51-47FE-9707-94EE1B4D37D4}.Release|Any CPU.Build.0 = Release|Any CPU
	EndGlobalSection
	GlobalSection(SolutionProperties) = preSolution
		HideSolutionNode = FALSE
	EndGlobalSection
	GlobalSection(ExtensibilityGlobals) = postSolution
		SolutionGuid = {A8812FE4-E790-4C50-BFF6-B7BC88A1B853}
	EndGlobalSection
EndGlobal
