
Microsoft Visual Studio Solution File, Format Version 12.00
# Visual Studio Version 17
VisualStudioVersion = 17.9.34728.123
MinimumVisualStudioVersion = 10.0.40219.1
Project("{FAE04EC0-301F-11D3-BF4B-00C04F79EFBC}") = "ProductManagementTask.Domain", "ProductManagementTask.Domain\ProductManagementTask.Domain.csproj", "{245FEC22-3719-433B-A194-1716EC0A5F7A}"
EndProject
Project("{FAE04EC0-301F-11D3-BF4B-00C04F79EFBC}") = "ProductManagementTask.Application", "ProductManagementTask.Application\ProductManagementTask.Application.csproj", "{CD5157D0-9986-44F3-90FD-DE67310165EC}"
EndProject
Project("{FAE04EC0-301F-11D3-BF4B-00C04F79EFBC}") = "ProductManagementTask.Infrastructure", "ProductManagementTask.Infrastructure\ProductManagementTask.Infrastructure.csproj", "{D4E53FCC-021C-4A0A-98B6-1FCEC0FC16EC}"
EndProject
Global
	GlobalSection(SolutionConfigurationPlatforms) = preSolution
		Debug|Any CPU = Debug|Any CPU
		Release|Any CPU = Release|Any CPU
	EndGlobalSection
	GlobalSection(ProjectConfigurationPlatforms) = postSolution
		{245FEC22-3719-433B-A194-1716EC0A5F7A}.Debug|Any CPU.ActiveCfg = Debug|Any CPU
		{245FEC22-3719-433B-A194-1716EC0A5F7A}.Debug|Any CPU.Build.0 = Debug|Any CPU
		{245FEC22-3719-433B-A194-1716EC0A5F7A}.Release|Any CPU.ActiveCfg = Release|Any CPU
		{245FEC22-3719-433B-A194-1716EC0A5F7A}.Release|Any CPU.Build.0 = Release|Any CPU
		{CD5157D0-9986-44F3-90FD-DE67310165EC}.Debug|Any CPU.ActiveCfg = Debug|Any CPU
		{CD5157D0-9986-44F3-90FD-DE67310165EC}.Debug|Any CPU.Build.0 = Debug|Any CPU
		{CD5157D0-9986-44F3-90FD-DE67310165EC}.Release|Any CPU.ActiveCfg = Release|Any CPU
		{CD5157D0-9986-44F3-90FD-DE67310165EC}.Release|Any CPU.Build.0 = Release|Any CPU
		{D4E53FCC-021C-4A0A-98B6-1FCEC0FC16EC}.Debug|Any CPU.ActiveCfg = Debug|Any CPU
		{D4E53FCC-021C-4A0A-98B6-1FCEC0FC16EC}.Debug|Any CPU.Build.0 = Debug|Any CPU
		{D4E53FCC-021C-4A0A-98B6-1FCEC0FC16EC}.Release|Any CPU.ActiveCfg = Release|Any CPU
		{D4E53FCC-021C-4A0A-98B6-1FCEC0FC16EC}.Release|Any CPU.Build.0 = Release|Any CPU
	EndGlobalSection
	GlobalSection(SolutionProperties) = preSolution
		HideSolutionNode = FALSE
	EndGlobalSection
	GlobalSection(ExtensibilityGlobals) = postSolution
		SolutionGuid = {74EEE4ED-AB75-4594-ACB1-56BFC052A64E}
	EndGlobalSection
EndGlobal
