
Microsoft Visual Studio Solution File, Format Version 12.00
# Visual Studio Version 17
VisualStudioVersion = 17.9.34607.119
MinimumVisualStudioVersion = 10.0.40219.1
Project("{FAE04EC0-301F-11D3-BF4B-00C04F79EFBC}") = "DependencyInjection.WebAPI", "DependencyInjection.WebAPI\DependencyInjection.WebAPI.csproj", "{04CE6C73-69C9-4AE9-B37F-4F731B3ADB48}"
EndProject
Global
	GlobalSection(SolutionConfigurationPlatforms) = preSolution
		Debug|Any CPU = Debug|Any CPU
		Release|Any CPU = Release|Any CPU
	EndGlobalSection
	GlobalSection(ProjectConfigurationPlatforms) = postSolution
		{04CE6C73-69C9-4AE9-B37F-4F731B3ADB48}.Debug|Any CPU.ActiveCfg = Debug|Any CPU
		{04CE6C73-69C9-4AE9-B37F-4F731B3ADB48}.Debug|Any CPU.Build.0 = Debug|Any CPU
		{04CE6C73-69C9-4AE9-B37F-4F731B3ADB48}.Release|Any CPU.ActiveCfg = Release|Any CPU
		{04CE6C73-69C9-4AE9-B37F-4F731B3ADB48}.Release|Any CPU.Build.0 = Release|Any CPU
	EndGlobalSection
	GlobalSection(SolutionProperties) = preSolution
		HideSolutionNode = FALSE
	EndGlobalSection
	GlobalSection(ExtensibilityGlobals) = postSolution
		SolutionGuid = {61FDF5CC-34E4-4DC1-B4CB-B62EE5DB826D}
	EndGlobalSection
EndGlobal
