
Microsoft Visual Studio Solution File, Format Version 12.00
# Visual Studio Version 17
VisualStudioVersion = 17.9.34728.123
MinimumVisualStudioVersion = 10.0.40219.1
Project("{9A19103F-16F7-4668-BE54-9A1E7A4F7556}") = "ChatAppServer.WebAPI", "ChatAppServer.WebAPI\ChatAppServer.WebAPI.csproj", "{DC9A5F5E-1DF4-4D4E-885B-BFB563E94909}"
EndProject
Global
	GlobalSection(SolutionConfigurationPlatforms) = preSolution
		Debug|Any CPU = Debug|Any CPU
		Release|Any CPU = Release|Any CPU
	EndGlobalSection
	GlobalSection(ProjectConfigurationPlatforms) = postSolution
		{DC9A5F5E-1DF4-4D4E-885B-BFB563E94909}.Debug|Any CPU.ActiveCfg = Debug|Any CPU
		{DC9A5F5E-1DF4-4D4E-885B-BFB563E94909}.Debug|Any CPU.Build.0 = Debug|Any CPU
		{DC9A5F5E-1DF4-4D4E-885B-BFB563E94909}.Release|Any CPU.ActiveCfg = Release|Any CPU
		{DC9A5F5E-1DF4-4D4E-885B-BFB563E94909}.Release|Any CPU.Build.0 = Release|Any CPU
	EndGlobalSection
	GlobalSection(SolutionProperties) = preSolution
		HideSolutionNode = FALSE
	EndGlobalSection
	GlobalSection(ExtensibilityGlobals) = postSolution
		SolutionGuid = {7D6338BC-426D-4645-A985-44BD53C4012E}
	EndGlobalSection
EndGlobal
