
Microsoft Visual Studio Solution File, Format Version 12.00
# Visual Studio Version 17
VisualStudioVersion = 17.9.34616.47
MinimumVisualStudioVersion = 10.0.40219.1
Project("{FAE04EC0-301F-11D3-BF4B-00C04F79EFBC}") = "PersonelServer", "PersonelServer.csproj", "{5A69E7CC-5894-45D5-B441-41FCD172DA15}"
EndProject
Global
	GlobalSection(SolutionConfigurationPlatforms) = preSolution
		Debug|Any CPU = Debug|Any CPU
		Release|Any CPU = Release|Any CPU
	EndGlobalSection
	GlobalSection(ProjectConfigurationPlatforms) = postSolution
		{5A69E7CC-5894-45D5-B441-41FCD172DA15}.Debug|Any CPU.ActiveCfg = Debug|Any CPU
		{5A69E7CC-5894-45D5-B441-41FCD172DA15}.Debug|Any CPU.Build.0 = Debug|Any CPU
		{5A69E7CC-5894-45D5-B441-41FCD172DA15}.Release|Any CPU.ActiveCfg = Release|Any CPU
		{5A69E7CC-5894-45D5-B441-41FCD172DA15}.Release|Any CPU.Build.0 = Release|Any CPU
	EndGlobalSection
	GlobalSection(SolutionProperties) = preSolution
		HideSolutionNode = FALSE
	EndGlobalSection
	GlobalSection(ExtensibilityGlobals) = postSolution
		SolutionGuid = {BB1726C3-5B2C-4698-86F4-E9623EDC9076}
	EndGlobalSection
EndGlobal
