
Microsoft Visual Studio Solution File, Format Version 12.00
# Visual Studio Version 17
VisualStudioVersion = 17.9.34616.47
MinimumVisualStudioVersion = 10.0.40219.1
Project("{FAE04EC0-301F-11D3-BF4B-00C04F79EFBC}") = "CleanArchitecture.Domain", "CleanArchitecture.Domain\CleanArchitecture.Domain.csproj", "{169E6C0F-8CB7-4B0E-A389-2D708A8606A9}"
EndProject
Project("{FAE04EC0-301F-11D3-BF4B-00C04F79EFBC}") = "CleanArchitecture.Application", "CleanArchitecture.Application\CleanArchitecture.Application.csproj", "{678750AC-D0FE-4044-BA1E-5B1151067389}"
EndProject
Global
	GlobalSection(SolutionConfigurationPlatforms) = preSolution
		Debug|Any CPU = Debug|Any CPU
		Release|Any CPU = Release|Any CPU
	EndGlobalSection
	GlobalSection(ProjectConfigurationPlatforms) = postSolution
		{169E6C0F-8CB7-4B0E-A389-2D708A8606A9}.Debug|Any CPU.ActiveCfg = Debug|Any CPU
		{169E6C0F-8CB7-4B0E-A389-2D708A8606A9}.Debug|Any CPU.Build.0 = Debug|Any CPU
		{169E6C0F-8CB7-4B0E-A389-2D708A8606A9}.Release|Any CPU.ActiveCfg = Release|Any CPU
		{169E6C0F-8CB7-4B0E-A389-2D708A8606A9}.Release|Any CPU.Build.0 = Release|Any CPU
		{678750AC-D0FE-4044-BA1E-5B1151067389}.Debug|Any CPU.ActiveCfg = Debug|Any CPU
		{678750AC-D0FE-4044-BA1E-5B1151067389}.Debug|Any CPU.Build.0 = Debug|Any CPU
		{678750AC-D0FE-4044-BA1E-5B1151067389}.Release|Any CPU.ActiveCfg = Release|Any CPU
		{678750AC-D0FE-4044-BA1E-5B1151067389}.Release|Any CPU.Build.0 = Release|Any CPU
	EndGlobalSection
	GlobalSection(SolutionProperties) = preSolution
		HideSolutionNode = FALSE
	EndGlobalSection
	GlobalSection(ExtensibilityGlobals) = postSolution
		SolutionGuid = {2DC568DD-AE44-4567-B86B-52E0466AD041}
	EndGlobalSection
EndGlobal
